
Microsoft Visual Studio Solution File, Format Version 12.00
# Visual Studio Version 17
VisualStudioVersion = 17.11.35219.272
MinimumVisualStudioVersion = 10.0.40219.1
Project("{FAE04EC0-301F-11D3-BF4B-00C04F79EFBC}") = "ProGin", "ProGin\ProGin.csproj", "{87BF07A8-615E-46ED-BA98-96322C7079C1}"
EndProject
Global
	GlobalSection(SolutionConfigurationPlatforms) = preSolution
		Debug|Any CPU = Debug|Any CPU
		Release|Any CPU = Release|Any CPU
	EndGlobalSection
	GlobalSection(ProjectConfigurationPlatforms) = postSolution
		{87BF07A8-615E-46ED-BA98-96322C7079C1}.Debug|Any CPU.ActiveCfg = Debug|Any CPU
		{87BF07A8-615E-46ED-BA98-96322C7079C1}.Debug|Any CPU.Build.0 = Debug|Any CPU
		{87BF07A8-615E-46ED-BA98-96322C7079C1}.Release|Any CPU.ActiveCfg = Release|Any CPU
		{87BF07A8-615E-46ED-BA98-96322C7079C1}.Release|Any CPU.Build.0 = Release|Any CPU
	EndGlobalSection
	GlobalSection(SolutionProperties) = preSolution
		HideSolutionNode = FALSE
	EndGlobalSection
	GlobalSection(ExtensibilityGlobals) = postSolution
		SolutionGuid = {FE0CFF7F-A7B2-47A9-BEE7-A38756C3C90B}
	EndGlobalSection
EndGlobal
